// !$*UTF8*$!
{
	archiveVersion = 1;
	classes = {
	};
	objectVersion = 50;
	objects = {

/* Begin PBXBuildFile section */
		72B96BA8213C3E5E0073E5FC /* AppDelegate.swift in Sources */ = {isa = PBXBuildFile; fileRef = 72B96BA7213C3E5E0073E5FC /* AppDelegate.swift */; };
		72B96BAA213C3E5E0073E5FC /* ViewController.swift in Sources */ = {isa = PBXBuildFile; fileRef = 72B96BA9213C3E5E0073E5FC /* ViewController.swift */; };
		72B96BAD213C3E5E0073E5FC /* Main.storyboard in Resources */ = {isa = PBXBuildFile; fileRef = 72B96BAB213C3E5E0073E5FC /* Main.storyboard */; };
		72B96BAF213C3E600073E5FC /* Assets.xcassets in Resources */ = {isa = PBXBuildFile; fileRef = 72B96BAE213C3E600073E5FC /* Assets.xcassets */; };
		72B96BB2213C3E600073E5FC /* LaunchScreen.storyboard in Resources */ = {isa = PBXBuildFile; fileRef = 72B96BB0213C3E600073E5FC /* LaunchScreen.storyboard */; };
		72B96BC0213C817E0073E5FC /* xor.mlmodel in Sources */ = {isa = PBXBuildFile; fileRef = 72B96BBF213C817E0073E5FC /* xor.mlmodel */; };
/* End PBXBuildFile section */

/* Begin PBXFileReference section */
		72B96BA4213C3E5E0073E5FC /* XOR.app */ = {isa = PBXFileReference; explicitFileType = wrapper.application; includeInIndex = 0; path = XOR.app; sourceTree = BUILT_PRODUCTS_DIR; };
		72B96BA7213C3E5E0073E5FC /* AppDelegate.swift */ = {isa = PBXFileReference; lastKnownFileType = sourcecode.swift; path = AppDelegate.swift; sourceTree = "<group>"; };
		72B96BA9213C3E5E0073E5FC /* ViewController.swift */ = {isa = PBXFileReference; lastKnownFileType = sourcecode.swift; path = ViewController.swift; sourceTree = "<group>"; };
		72B96BAC213C3E5E0073E5FC /* Base */ = {isa = PBXFileReference; lastKnownFileType = file.storyboard; name = Base; path = Base.lproj/Main.storyboard; sourceTree = "<group>"; };
		72B96BAE213C3E600073E5FC /* Assets.xcassets */ = {isa = PBXFileReference; lastKnownFileType = folder.assetcatalog; path = Assets.xcassets; sourceTree = "<group>"; };
		72B96BB1213C3E600073E5FC /* Base */ = {isa = PBXFileReference; lastKnownFileType = file.storyboard; name = Base; path = Base.lproj/LaunchScreen.storyboard; sourceTree = "<group>"; };
		72B96BB3213C3E600073E5FC /* Info.plist */ = {isa = PBXFileReference; lastKnownFileType = text.plist.xml; path = Info.plist; sourceTree = "<group>"; };
		72B96BBF213C817E0073E5FC /* xor.mlmodel */ = {isa = PBXFileReference; lastKnownFileType = file.mlmodel; path = xor.mlmodel; sourceTree = "<group>"; };
/* End PBXFileReference section */

/* Begin PBXFrameworksBuildPhase section */
		72B96BA1213C3E5D0073E5FC /* Frameworks */ = {
			isa = PBXFrameworksBuildPhase;
			buildActionMask = 2147483647;
			files = (
			);
			runOnlyForDeploymentPostprocessing = 0;
		};
/* End PBXFrameworksBuildPhase section */

/* Begin PBXGroup section */
		72B96B9B213C3E5D0073E5FC = {
			isa = PBXGroup;
			children = (
				72B96BA6213C3E5E0073E5FC /* XOR */,
				72B96BA5213C3E5E0073E5FC /* Products */,
			);
			sourceTree = "<group>";
		};
		72B96BA5213C3E5E0073E5FC /* Products */ = {
			isa = PBXGroup;
			children = (
				72B96BA4213C3E5E0073E5FC /* XOR.app */,
			);
			name = Products;
			sourceTree = "<group>";
		};
		72B96BA6213C3E5E0073E5FC /* XOR */ = {
			isa = PBXGroup;
			children = (
				72B96BA7213C3E5E0073E5FC /* AppDelegate.swift */,
				72B96BA9213C3E5E0073E5FC /* ViewController.swift */,
				72B96BBF213C817E0073E5FC /* xor.mlmodel */,
				72B96BAB213C3E5E0073E5FC /* Main.storyboard */,
				72B96BAE213C3E600073E5FC /* Assets.xcassets */,
				72B96BB0213C3E600073E5FC /* LaunchScreen.storyboard */,
				72B96BB3213C3E600073E5FC /* Info.plist */,
			);
			path = XOR;
			sourceTree = "<group>";
		};
/* End PBXGroup section */

/* Begin PBXNativeTarget section */
		72B96BA3213C3E5D0073E5FC /* XOR */ = {
			isa = PBXNativeTarget;
			buildConfigurationList = 72B96BB6213C3E600073E5FC /* Build configuration list for PBXNativeTarget "XOR" */;
			buildPhases = (
				72B96BA0213C3E5D0073E5FC /* Sources */,
				72B96BA1213C3E5D0073E5FC /* Frameworks */,
				72B96BA2213C3E5D0073E5FC /* Resources */,
			);
			buildRules = (
			);
			dependencies = (
			);
			name = XOR;
			productName = XOR;
			productReference = 72B96BA4213C3E5E0073E5FC /* XOR.app */;
			productType = "com.apple.product-type.application";
		};
/* End PBXNativeTarget section */

/* Begin PBXProject section */
		72B96B9C213C3E5D0073E5FC /* Project object */ = {
			isa = PBXProject;
			attributes = {
				LastSwiftUpdateCheck = 1000;
				LastUpgradeCheck = 1000;
				ORGANIZATIONNAME = "Gregori, Lars";
				TargetAttributes = {
					72B96BA3213C3E5D0073E5FC = {
						CreatedOnToolsVersion = 10.0;
					};
				};
			};
			buildConfigurationList = 72B96B9F213C3E5D0073E5FC /* Build configuration list for PBXProject "XOR" */;
			compatibilityVersion = "Xcode 9.3";
			developmentRegion = en;
			hasScannedForEncodings = 0;
			knownRegions = (
				en,
				Base,
			);
			mainGroup = 72B96B9B213C3E5D0073E5FC;
			productRefGroup = 72B96BA5213C3E5E0073E5FC /* Products */;
			projectDirPath = "";
			projectRoot = "";
			targets = (
				72B96BA3213C3E5D0073E5FC /* XOR */,
			);
		};
/* End PBXProject section */

/* Begin PBXResourcesBuildPhase section */
		72B96BA2213C3E5D0073E5FC /* Resources */ = {
			isa = PBXResourcesBuildPhase;
			buildActionMask = 2147483647;
			files = (
				72B96BB2213C3E600073E5FC /* LaunchScreen.storyboard in Resources */,
				72B96BAF213C3E600073E5FC /* Assets.xcassets in Resources */,
				72B96BAD213C3E5E0073E5FC /* Main.storyboard in Resources */,
			);
			runOnlyForDeploymentPostprocessing = 0;
		};
/* End PBXResourcesBuildPhase section */

/* Begin PBXSourcesBuildPhase section */
		72B96BA0213C3E5D0073E5FC /* Sources */ = {
			isa = PBXSourcesBuildPhase;
			buildActionMask = 2147483647;
			files = (
				72B96BAA213C3E5E0073E5FC /* ViewController.swift in Sources */,
				72B96BA8213C3E5E0073E5FC /* AppDelegate.swift in Sources */,
				72B96BC0213C817E0073E5FC /* xor.mlmodel in Sources */,
			);
			runOnlyForDeploymentPostprocessing = 0;
		};
/* End PBXSourcesBuildPhase section */

/* Begin PBXVariantGroup section */
		72B96BAB213C3E5E0073E5FC /* Main.storyboard */ = {
			isa = PBXVariantGroup;
			children = (
				72B96BAC213C3E5E0073E5FC /* Base */,
			);
			name = Main.storyboard;
			sourceTree = "<group>";
		};
		72B96BB0213C3E600073E5FC /* LaunchScreen.storyboard */ = {
			isa = PBXVariantGroup;
			children = (
				72B96BB1213C3E600073E5FC /* Base */,
			);
			name = LaunchScreen.storyboard;
			sourceTree = "<group>";
		};
/* End PBXVariantGroup section */

/* Begin XCBuildConfiguration section */
		72B96BB4213C3E600073E5FC /* Debug */ = {
			isa = XCBuildConfiguration;
			buildSettings = {
				ALWAYS_SEARCH_USER_PATHS = NO;
				CLANG_ANALYZER_NONNULL = YES;
				CLANG_ANALYZER_NUMBER_OBJECT_CONVERSION = YES_AGGRESSIVE;
				CLANG_CXX_LANGUAGE_STANDARD = "gnu++14";
				CLANG_CXX_LIBRARY = "libc++";
				CLANG_ENABLE_MODULES = YES;
				CLANG_ENABLE_OBJC_ARC = YES;
				CLANG_ENABLE_OBJC_WEAK = YES;
				CLANG_WARN_BLOCK_CAPTURE_AUTORELEASING = YES;
				CLANG_WARN_BOOL_CONVERSION = YES;
				CLANG_WARN_COMMA = YES;
				CLANG_WARN_CONSTANT_CONVERSION = YES;
				CLANG_WARN_DEPRECATED_OBJC_IMPLEMENTATIONS = YES;
				CLANG_WARN_DIRECT_OBJC_ISA_USAGE = YES_ERROR;
				CLANG_WARN_DOCUMENTATION_COMMENTS = YES;
				CLANG_WARN_EMPTY_BODY = YES;
				CLANG_WARN_ENUM_CONVERSION = YES;
				CLANG_WARN_INFINITE_RECURSION = YES;
				CLANG_WARN_INT_CONVERSION = YES;
				CLANG_WARN_NON_LITERAL_NULL_CONVERSION = YES;
				CLANG_WARN_OBJC_IMPLICIT_RETAIN_SELF = YES;
				CLANG_WARN_OBJC_LITERAL_CONVERSION = YES;
				CLANG_WARN_OBJC_ROOT_CLASS = YES_ERROR;
				CLANG_WARN_RANGE_LOOP_ANALYSIS = YES;
				CLANG_WARN_STRICT_PROTOTYPES = YES;
				CLANG_WARN_SUSPICIOUS_MOVE = YES;
				CLANG_WARN_UNGUARDED_AVAILABILITY = YES_AGGRESSIVE;
				CLANG_WARN_UNREACHABLE_CODE = YES;
				CLANG_WARN__DUPLICATE_METHOD_MATCH = YES;
				CODE_SIGN_IDENTITY = "iPhone Developer";
				COPY_PHASE_STRIP = NO;
				DEBUG_INFORMATION_FORMAT = dwarf;
				ENABLE_STRICT_OBJC_MSGSEND = YES;
				ENABLE_TESTABILITY = YES;
				GCC_C_LANGUAGE_STANDARD = gnu11;
				GCC_DYNAMIC_NO_PIC = NO;
				GCC_NO_COMMON_BLOCKS = YES;
				GCC_OPTIMIZATION_LEVEL = 0;
				GCC_PREPROCESSOR_DEFINITIONS = (
					"DEBUG=1",
					"$(inherited)",
				);
				GCC_WARN_64_TO_32_BIT_CONVERSION = YES;
				GCC_WARN_ABOUT_RETURN_TYPE = YES_ERROR;
				GCC_WARN_UNDECLARED_SELECTOR = YES;
				GCC_WARN_UNINITIALIZED_AUTOS = YES_AGGRESSIVE;
				GCC_WARN_UNUSED_FUNCTION = YES;
				GCC_WARN_UNUSED_VARIABLE = YES;
				IPHONEOS_DEPLOYMENT_TARGET = 12.0;
				MTL_ENABLE_DEBUG_INFO = INCLUDE_SOURCE;
				MTL_FAST_MATH = YES;
				ONLY_ACTIVE_ARCH = YES;
				SDKROOT = iphoneos;
				SWIFT_ACTIVE_COMPILATION_CONDITIONS = DEBUG;
				SWIFT_OPTIMIZATION_LEVEL = "-Onone";
			};
			name = Debug;
		};
		72B96BB5213C3E600073E5FC /* Release */ = {
			isa = XCBuildConfiguration;
			buildSettings = {
				ALWAYS_SEARCH_USER_PATHS = NO;
				CLANG_ANALYZER_NONNULL = YES;
				CLANG_ANALYZER_NUMBER_OBJECT_CONVERSION = YES_AGGRESSIVE;
				CLANG_CXX_LANGUAGE_STANDARD = "gnu++14";
				CLANG_CXX_LIBRARY = "libc++";
				CLANG_ENABLE_MODULES = YES;
				CLANG_ENABLE_OBJC_ARC = YES;
				CLANG_ENABLE_OBJC_WEAK = YES;
				CLANG_WARN_BLOCK_CAPTURE_AUTORELEASING = YES;
				CLANG_WARN_BOOL_CONVERSION = YES;
				CLANG_WARN_COMMA = YES;
				CLANG_WARN_CONSTANT_CONVERSION = YES;
				CLANG_WARN_DEPRECATED_OBJC_IMPLEMENTATIONS = YES;
				CLANG_WARN_DIRECT_OBJC_ISA_USAGE = YES_ERROR;
				CLANG_WARN_DOCUMENTATION_COMMENTS = YES;
				CLANG_WARN_EMPTY_BODY = YES;
				CLANG_WARN_ENUM_CONVERSION = YES;
				CLANG_WARN_INFINITE_RECURSION = YES;
				CLANG_WARN_INT_CONVERSION = YES;
				CLANG_WARN_NON_LITERAL_NULL_CONVERSION = YES;
				CLANG_WARN_OBJC_IMPLICIT_RETAIN_SELF = YES;
				CLANG_WARN_OBJC_LITERAL_CONVERSION = YES;
				CLANG_WARN_OBJC_ROOT_CLASS = YES_ERROR;
				CLANG_WARN_RANGE_LOOP_ANALYSIS = YES;
				CLANG_WARN_STRICT_PROTOTYPES = YES;
				CLANG_WARN_SUSPICIOUS_MOVE = YES;
				CLANG_WARN_UNGUARDED_AVAILABILITY = YES_AGGRESSIVE;
				CLANG_WARN_UNREACHABLE_CODE = YES;
				CLANG_WARN__DUPLICATE_METHOD_MATCH = YES;
				CODE_SIGN_IDENTITY = "iPhone Developer";
				COPY_PHASE_STRIP = NO;
				DEBUG_INFORMATION_FORMAT = "dwarf-with-dsym";
				ENABLE_NS_ASSERTIONS = NO;
				ENABLE_STRICT_OBJC_MSGSEND = YES;
				GCC_C_LANGUAGE_STANDARD = gnu11;
				GCC_NO_COMMON_BLOCKS = YES;
				GCC_WARN_64_TO_32_BIT_CONVERSION = YES;
				GCC_WARN_ABOUT_RETURN_TYPE = YES_ERROR;
				GCC_WARN_UNDECLARED_SELECTOR = YES;
				GCC_WARN_UNINITIALIZED_AUTOS = YES_AGGRESSIVE;
				GCC_WARN_UNUSED_FUNCTION = YES;
				GCC_WARN_UNUSED_VARIABLE = YES;
				IPHONEOS_DEPLOYMENT_TARGET = 12.0;
				MTL_ENABLE_DEBUG_INFO = NO;
				MTL_FAST_MATH = YES;
				SDKROOT = iphoneos;
				SWIFT_COMPILATION_MODE = wholemodule;
				SWIFT_OPTIMIZATION_LEVEL = "-O";
				VALIDATE_PRODUCT = YES;
			};
			name = Release;
		};
		72B96BB7213C3E600073E5FC /* Debug */ = {
			isa = XCBuildConfiguration;
			buildSettings = {
				ASSETCATALOG_COMPILER_APPICON_NAME = AppIcon;
				CODE_SIGN_STYLE = Automatic;
				DEVELOPMENT_TEAM = D686LRX385;
				INFOPLIST_FILE = XOR/Info.plist;
				LD_RUNPATH_SEARCH_PATHS = (
					"$(inherited)",
					"@executable_path/Frameworks",
				);
				PRODUCT_BUNDLE_IDENTIFIER = net.choas.ios.XOR;
				PRODUCT_NAME = "$(TARGET_NAME)";
				SWIFT_VERSION = 4.2;
				TARGETED_DEVICE_FAMILY = "1,2";
			};
			name = Debug;
		};
		72B96BB8213C3E600073E5FC /* Release */ = {
			isa = XCBuildConfiguration;
			buildSettings = {
				ASSETCATALOG_COMPILER_APPICON_NAME = AppIcon;
				CODE_SIGN_STYLE = Automatic;
				DEVELOPMENT_TEAM = D686LRX385;
				INFOPLIST_FILE = XOR/Info.plist;
				LD_RUNPATH_SEARCH_PATHS = (
					"$(inherited)",
					"@executable_path/Frameworks",
				);
				PRODUCT_BUNDLE_IDENTIFIER = net.choas.ios.XOR;
				PRODUCT_NAME = "$(TARGET_NAME)";
				SWIFT_VERSION = 4.2;
				TARGETED_DEVICE_FAMILY = "1,2";
			};
			name = Release;
		};
/* End XCBuildConfiguration section */

/* Begin XCConfigurationList section */
		72B96B9F213C3E5D0073E5FC /* Build configuration list for PBXProject "XOR" */ = {
			isa = XCConfigurationList;
			buildConfigurations = (
				72B96BB4213C3E600073E5FC /* Debug */,
				72B96BB5213C3E600073E5FC /* Release */,
			);
			defaultConfigurationIsVisible = 0;
			defaultConfigurationName = Release;
		};
		72B96BB6213C3E600073E5FC /* Build configuration list for PBXNativeTarget "XOR" */ = {
			isa = XCConfigurationList;
			buildConfigurations = (
				72B96BB7213C3E600073E5FC /* Debug */,
				72B96BB8213C3E600073E5FC /* Release */,
			);
			defaultConfigurationIsVisible = 0;
			defaultConfigurationName = Release;
		};
/* End XCConfigurationList section */
	};
	rootObject = 72B96B9C213C3E5D0073E5FC /* Project object */;
}
